// !$*UTF8*$!
{
	archiveVersion = 1;
	classes = {
	};
	objectVersion = 46;
	objects = {

/* Begin PBXBuildFile section */
		7822159C1F2149EC007ECFE0 /* main.m in Sources */ = {isa = PBXBuildFile; fileRef = 7822159B1F2149EC007ECFE0 /* main.m */; };
		7822159F1F2149EC007ECFE0 /* AppDelegate.m in Sources */ = {isa = PBXBuildFile; fileRef = 7822159E1F2149EC007ECFE0 /* AppDelegate.m */; };
		782215A21F2149EC007ECFE0 /* ViewController.m in Sources */ = {isa = PBXBuildFile; fileRef = 782215A11F2149EC007ECFE0 /* ViewController.m */; };
		782215A51F2149EC007ECFE0 /* Main.storyboard in Resources */ = {isa = PBXBuildFile; fileRef = 782215A31F2149EC007ECFE0 /* Main.storyboard */; };
		782215A71F2149EC007ECFE0 /* Assets.xcassets in Resources */ = {isa = PBXBuildFile; fileRef = 782215A61F2149EC007ECFE0 /* Assets.xcassets */; };
		782215AA1F2149EC007ECFE0 /* LaunchScreen.storyboard in Resources */ = {isa = PBXBuildFile; fileRef = 782215A81F2149EC007ECFE0 /* LaunchScreen.storyboard */; };
		782215B51F2149EC007ECFE0 /* SimpleRecorderTests.m in Sources */ = {isa = PBXBuildFile; fileRef = 782215B41F2149EC007ECFE0 /* SimpleRecorderTests.m */; };
		782215C01F2149EC007ECFE0 /* SimpleRecorderUITests.m in Sources */ = {isa = PBXBuildFile; fileRef = 782215BF1F2149EC007ECFE0 /* SimpleRecorderUITests.m */; };
		782215CF1F214A75007ECFE0 /* AudioRec.m in Sources */ = {isa = PBXBuildFile; fileRef = 782215CE1F214A75007ECFE0 /* AudioRec.m */; };
/* End PBXBuildFile section */

/* Begin PBXContainerItemProxy section */
		782215B11F2149EC007ECFE0 /* PBXContainerItemProxy */ = {
			isa = PBXContainerItemProxy;
			containerPortal = 7822158F1F2149EB007ECFE0 /* Project object */;
			proxyType = 1;
			remoteGlobalIDString = 782215961F2149EC007ECFE0;
			remoteInfo = SimpleRecorder;
		};
		782215BC1F2149EC007ECFE0 /* PBXContainerItemProxy */ = {
			isa = PBXContainerItemProxy;
			containerPortal = 7822158F1F2149EB007ECFE0 /* Project object */;
			proxyType = 1;
			remoteGlobalIDString = 782215961F2149EC007ECFE0;
			remoteInfo = SimpleRecorder;
		};
/* End PBXContainerItemProxy section */

/* Begin PBXFileReference section */
		782215971F2149EC007ECFE0 /* SimpleRecorder.app */ = {isa = PBXFileReference; explicitFileType = wrapper.application; includeInIndex = 0; path = SimpleRecorder.app; sourceTree = BUILT_PRODUCTS_DIR; };
		7822159B1F2149EC007ECFE0 /* main.m */ = {isa = PBXFileReference; lastKnownFileType = sourcecode.c.objc; path = main.m; sourceTree = "<group>"; };
		7822159D1F2149EC007ECFE0 /* AppDelegate.h */ = {isa = PBXFileReference; lastKnownFileType = sourcecode.c.h; path = AppDelegate.h; sourceTree = "<group>"; };
		7822159E1F2149EC007ECFE0 /* AppDelegate.m */ = {isa = PBXFileReference; lastKnownFileType = sourcecode.c.objc; path = AppDelegate.m; sourceTree = "<group>"; };
		782215A01F2149EC007ECFE0 /* ViewController.h */ = {isa = PBXFileReference; lastKnownFileType = sourcecode.c.h; path = ViewController.h; sourceTree = "<group>"; };
		782215A11F2149EC007ECFE0 /* ViewController.m */ = {isa = PBXFileReference; lastKnownFileType = sourcecode.c.objc; path = ViewController.m; sourceTree = "<group>"; };
		782215A41F2149EC007ECFE0 /* Base */ = {isa = PBXFileReference; lastKnownFileType = file.storyboard; name = Base; path = Base.lproj/Main.storyboard; sourceTree = "<group>"; };
		782215A61F2149EC007ECFE0 /* Assets.xcassets */ = {isa = PBXFileReference; lastKnownFileType = folder.assetcatalog; path = Assets.xcassets; sourceTree = "<group>"; };
		782215A91F2149EC007ECFE0 /* Base */ = {isa = PBXFileReference; lastKnownFileType = file.storyboard; name = Base; path = Base.lproj/LaunchScreen.storyboard; sourceTree = "<group>"; };
		782215AB1F2149EC007ECFE0 /* Info.plist */ = {isa = PBXFileReference; lastKnownFileType = text.plist.xml; path = Info.plist; sourceTree = "<group>"; };
		782215B01F2149EC007ECFE0 /* SimpleRecorderTests.xctest */ = {isa = PBXFileReference; explicitFileType = wrapper.cfbundle; includeInIndex = 0; path = SimpleRecorderTests.xctest; sourceTree = BUILT_PRODUCTS_DIR; };
		782215B41F2149EC007ECFE0 /* SimpleRecorderTests.m */ = {isa = PBXFileReference; lastKnownFileType = sourcecode.c.objc; path = SimpleRecorderTests.m; sourceTree = "<group>"; };
		782215B61F2149EC007ECFE0 /* Info.plist */ = {isa = PBXFileReference; lastKnownFileType = text.plist.xml; path = Info.plist; sourceTree = "<group>"; };
		782215BB1F2149EC007ECFE0 /* SimpleRecorderUITests.xctest */ = {isa = PBXFileReference; explicitFileType = wrapper.cfbundle; includeInIndex = 0; path = SimpleRecorderUITests.xctest; sourceTree = BUILT_PRODUCTS_DIR; };
		782215BF1F2149EC007ECFE0 /* SimpleRecorderUITests.m */ = {isa = PBXFileReference; lastKnownFileType = sourcecode.c.objc; path = SimpleRecorderUITests.m; sourceTree = "<group>"; };
		782215C11F2149EC007ECFE0 /* Info.plist */ = {isa = PBXFileReference; lastKnownFileType = text.plist.xml; path = Info.plist; sourceTree = "<group>"; };
		782215CD1F214A75007ECFE0 /* AudioRec.h */ = {isa = PBXFileReference; fileEncoding = 4; lastKnownFileType = sourcecode.c.h; path = AudioRec.h; sourceTree = "<group>"; };
		782215CE1F214A75007ECFE0 /* AudioRec.m */ = {isa = PBXFileReference; fileEncoding = 4; lastKnownFileType = sourcecode.c.objc; path = AudioRec.m; sourceTree = "<group>"; };
/* End PBXFileReference section */

/* Begin PBXFrameworksBuildPhase section */
		782215941F2149EC007ECFE0 /* Frameworks */ = {
			isa = PBXFrameworksBuildPhase;
			buildActionMask = 2147483647;
			files = (
			);
			runOnlyForDeploymentPostprocessing = 0;
		};
		782215AD1F2149EC007ECFE0 /* Frameworks */ = {
			isa = PBXFrameworksBuildPhase;
			buildActionMask = 2147483647;
			files = (
			);
			runOnlyForDeploymentPostprocessing = 0;
		};
		782215B81F2149EC007ECFE0 /* Frameworks */ = {
			isa = PBXFrameworksBuildPhase;
			buildActionMask = 2147483647;
			files = (
			);
			runOnlyForDeploymentPostprocessing = 0;
		};
/* End PBXFrameworksBuildPhase section */

/* Begin PBXGroup section */
		7822158E1F2149EB007ECFE0 = {
			isa = PBXGroup;
			children = (
				782215991F2149EC007ECFE0 /* SimpleRecorder */,
				782215B31F2149EC007ECFE0 /* SimpleRecorderTests */,
				782215BE1F2149EC007ECFE0 /* SimpleRecorderUITests */,
				782215981F2149EC007ECFE0 /* Products */,
			);
			sourceTree = "<group>";
		};
		782215981F2149EC007ECFE0 /* Products */ = {
			isa = PBXGroup;
			children = (
				782215971F2149EC007ECFE0 /* SimpleRecorder.app */,
				782215B01F2149EC007ECFE0 /* SimpleRecorderTests.xctest */,
				782215BB1F2149EC007ECFE0 /* SimpleRecorderUITests.xctest */,
			);
			name = Products;
			sourceTree = "<group>";
		};
		782215991F2149EC007ECFE0 /* SimpleRecorder */ = {
			isa = PBXGroup;
			children = (
				7822159D1F2149EC007ECFE0 /* AppDelegate.h */,
				7822159E1F2149EC007ECFE0 /* AppDelegate.m */,
				782215A01F2149EC007ECFE0 /* ViewController.h */,
				782215A11F2149EC007ECFE0 /* ViewController.m */,
				782215CD1F214A75007ECFE0 /* AudioRec.h */,
				782215CE1F214A75007ECFE0 /* AudioRec.m */,
				782215A31F2149EC007ECFE0 /* Main.storyboard */,
				782215A61F2149EC007ECFE0 /* Assets.xcassets */,
				782215A81F2149EC007ECFE0 /* LaunchScreen.storyboard */,
				782215AB1F2149EC007ECFE0 /* Info.plist */,
				7822159A1F2149EC007ECFE0 /* Supporting Files */,
			);
			path = SimpleRecorder;
			sourceTree = "<group>";
		};
		7822159A1F2149EC007ECFE0 /* Supporting Files */ = {
			isa = PBXGroup;
			children = (
				7822159B1F2149EC007ECFE0 /* main.m */,
			);
			name = "Supporting Files";
			sourceTree = "<group>";
		};
		782215B31F2149EC007ECFE0 /* SimpleRecorderTests */ = {
			isa = PBXGroup;
			children = (
				782215B41F2149EC007ECFE0 /* SimpleRecorderTests.m */,
				782215B61F2149EC007ECFE0 /* Info.plist */,
			);
			path = SimpleRecorderTests;
			sourceTree = "<group>";
		};
		782215BE1F2149EC007ECFE0 /* SimpleRecorderUITests */ = {
			isa = PBXGroup;
			children = (
				782215BF1F2149EC007ECFE0 /* SimpleRecorderUITests.m */,
				782215C11F2149EC007ECFE0 /* Info.plist */,
			);
			path = SimpleRecorderUITests;
			sourceTree = "<group>";
		};
/* End PBXGroup section */

/* Begin PBXNativeTarget section */
		782215961F2149EC007ECFE0 /* SimpleRecorder */ = {
			isa = PBXNativeTarget;
			buildConfigurationList = 782215C41F2149EC007ECFE0 /* Build configuration list for PBXNativeTarget "SimpleRecorder" */;
			buildPhases = (
				782215931F2149EC007ECFE0 /* Sources */,
				782215941F2149EC007ECFE0 /* Frameworks */,
				782215951F2149EC007ECFE0 /* Resources */,
			);
			buildRules = (
			);
			dependencies = (
			);
			name = SimpleRecorder;
			productName = SimpleRecorder;
			productReference = 782215971F2149EC007ECFE0 /* SimpleRecorder.app */;
			productType = "com.apple.product-type.application";
		};
		782215AF1F2149EC007ECFE0 /* SimpleRecorderTests */ = {
			isa = PBXNativeTarget;
			buildConfigurationList = 782215C71F2149EC007ECFE0 /* Build configuration list for PBXNativeTarget "SimpleRecorderTests" */;
			buildPhases = (
				782215AC1F2149EC007ECFE0 /* Sources */,
				782215AD1F2149EC007ECFE0 /* Frameworks */,
				782215AE1F2149EC007ECFE0 /* Resources */,
			);
			buildRules = (
			);
			dependencies = (
				782215B21F2149EC007ECFE0 /* PBXTargetDependency */,
			);
			name = SimpleRecorderTests;
			productName = SimpleRecorderTests;
			productReference = 782215B01F2149EC007ECFE0 /* SimpleRecorderTests.xctest */;
			productType = "com.apple.product-type.bundle.unit-test";
		};
		782215BA1F2149EC007ECFE0 /* SimpleRecorderUITests */ = {
			isa = PBXNativeTarget;
			buildConfigurationList = 782215CA1F2149EC007ECFE0 /* Build configuration list for PBXNativeTarget "SimpleRecorderUITests" */;
			buildPhases = (
				782215B71F2149EC007ECFE0 /* Sources */,
				782215B81F2149EC007ECFE0 /* Frameworks */,
				782215B91F2149EC007ECFE0 /* Resources */,
			);
			buildRules = (
			);
			dependencies = (
				782215BD1F2149EC007ECFE0 /* PBXTargetDependency */,
			);
			name = SimpleRecorderUITests;
			productName = SimpleRecorderUITests;
			productReference = 782215BB1F2149EC007ECFE0 /* SimpleRecorderUITests.xctest */;
			productType = "com.apple.product-type.bundle.ui-testing";
		};
/* End PBXNativeTarget section */

/* Begin PBXProject section */
		7822158F1F2149EB007ECFE0 /* Project object */ = {
			isa = PBXProject;
			attributes = {
				LastUpgradeCheck = 0830;
				ORGANIZATIONNAME = "Yupeng Gu";
				TargetAttributes = {
					782215961F2149EC007ECFE0 = {
						CreatedOnToolsVersion = 8.3.1;
						DevelopmentTeam = VB92A99X2X;
						ProvisioningStyle = Automatic;
					};
					782215AF1F2149EC007ECFE0 = {
						CreatedOnToolsVersion = 8.3.1;
						ProvisioningStyle = Automatic;
						TestTargetID = 782215961F2149EC007ECFE0;
					};
					782215BA1F2149EC007ECFE0 = {
						CreatedOnToolsVersion = 8.3.1;
						ProvisioningStyle = Automatic;
						TestTargetID = 782215961F2149EC007ECFE0;
					};
				};
			};
			buildConfigurationList = 782215921F2149EB007ECFE0 /* Build configuration list for PBXProject "SimpleRecorder" */;
			compatibilityVersion = "Xcode 3.2";
			developmentRegion = English;
			hasScannedForEncodings = 0;
			knownRegions = (
				en,
				Base,
			);
			mainGroup = 7822158E1F2149EB007ECFE0;
			productRefGroup = 782215981F2149EC007ECFE0 /* Products */;
			projectDirPath = "";
			projectRoot = "";
			targets = (
				782215961F2149EC007ECFE0 /* SimpleRecorder */,
				782215AF1F2149EC007ECFE0 /* SimpleRecorderTests */,
				782215BA1F2149EC007ECFE0 /* SimpleRecorderUITests */,
			);
		};
/* End PBXProject section */

/* Begin PBXResourcesBuildPhase section */
		782215951F2149EC007ECFE0 /* Resources */ = {
			isa = PBXResourcesBuildPhase;
			buildActionMask = 2147483647;
			files = (
				782215AA1F2149EC007ECFE0 /* LaunchScreen.storyboard in Resources */,
				782215A71F2149EC007ECFE0 /* Assets.xcassets in Resources */,
				782215A51F2149EC007ECFE0 /* Main.storyboard in Resources */,
			);
			runOnlyForDeploymentPostprocessing = 0;
		};
		782215AE1F2149EC007ECFE0 /* Resources */ = {
			isa = PBXResourcesBuildPhase;
			buildActionMask = 2147483647;
			files = (
			);
			runOnlyForDeploymentPostprocessing = 0;
		};
		782215B91F2149EC007ECFE0 /* Resources */ = {
			isa = PBXResourcesBuildPhase;
			buildActionMask = 2147483647;
			files = (
			);
			runOnlyForDeploymentPostprocessing = 0;
		};
/* End PBXResourcesBuildPhase section */

/* Begin PBXSourcesBuildPhase section */
		782215931F2149EC007ECFE0 /* Sources */ = {
			isa = PBXSourcesBuildPhase;
			buildActionMask = 2147483647;
			files = (
				782215A21F2149EC007ECFE0 /* ViewController.m in Sources */,
				782215CF1F214A75007ECFE0 /* AudioRec.m in Sources */,
				7822159F1F2149EC007ECFE0 /* AppDelegate.m in Sources */,
				7822159C1F2149EC007ECFE0 /* main.m in Sources */,
			);
			runOnlyForDeploymentPostprocessing = 0;
		};
		782215AC1F2149EC007ECFE0 /* Sources */ = {
			isa = PBXSourcesBuildPhase;
			buildActionMask = 2147483647;
			files = (
				782215B51F2149EC007ECFE0 /* SimpleRecorderTests.m in Sources */,
			);
			runOnlyForDeploymentPostprocessing = 0;
		};
		782215B71F2149EC007ECFE0 /* Sources */ = {
			isa = PBXSourcesBuildPhase;
			buildActionMask = 2147483647;
			files = (
				782215C01F2149EC007ECFE0 /* SimpleRecorderUITests.m in Sources */,
			);
			runOnlyForDeploymentPostprocessing = 0;
		};
/* End PBXSourcesBuildPhase section */

/* Begin PBXTargetDependency section */
		782215B21F2149EC007ECFE0 /* PBXTargetDependency */ = {
			isa = PBXTargetDependency;
			target = 782215961F2149EC007ECFE0 /* SimpleRecorder */;
			targetProxy = 782215B11F2149EC007ECFE0 /* PBXContainerItemProxy */;
		};
		782215BD1F2149EC007ECFE0 /* PBXTargetDependency */ = {
			isa = PBXTargetDependency;
			target = 782215961F2149EC007ECFE0 /* SimpleRecorder */;
			targetProxy = 782215BC1F2149EC007ECFE0 /* PBXContainerItemProxy */;
		};
/* End PBXTargetDependency section */

/* Begin PBXVariantGroup section */
		782215A31F2149EC007ECFE0 /* Main.storyboard */ = {
			isa = PBXVariantGroup;
			children = (
				782215A41F2149EC007ECFE0 /* Base */,
			);
			name = Main.storyboard;
			sourceTree = "<group>";
		};
		782215A81F2149EC007ECFE0 /* LaunchScreen.storyboard */ = {
			isa = PBXVariantGroup;
			children = (
				782215A91F2149EC007ECFE0 /* Base */,
			);
			name = LaunchScreen.storyboard;
			sourceTree = "<group>";
		};
/* End PBXVariantGroup section */

/* Begin XCBuildConfiguration section */
		782215C21F2149EC007ECFE0 /* Debug */ = {
			isa = XCBuildConfiguration;
			buildSettings = {
				ALWAYS_SEARCH_USER_PATHS = NO;
				CLANG_ANALYZER_NONNULL = YES;
				CLANG_ANALYZER_NUMBER_OBJECT_CONVERSION = YES_AGGRESSIVE;
				CLANG_CXX_LANGUAGE_STANDARD = "gnu++0x";
				CLANG_CXX_LIBRARY = "libc++";
				CLANG_ENABLE_MODULES = YES;
				CLANG_ENABLE_OBJC_ARC = YES;
				CLANG_WARN_BOOL_CONVERSION = YES;
				CLANG_WARN_CONSTANT_CONVERSION = YES;
				CLANG_WARN_DIRECT_OBJC_ISA_USAGE = YES_ERROR;
				CLANG_WARN_DOCUMENTATION_COMMENTS = YES;
				CLANG_WARN_EMPTY_BODY = YES;
				CLANG_WARN_ENUM_CONVERSION = YES;
				CLANG_WARN_INFINITE_RECURSION = YES;
				CLANG_WARN_INT_CONVERSION = YES;
				CLANG_WARN_OBJC_ROOT_CLASS = YES_ERROR;
				CLANG_WARN_SUSPICIOUS_MOVE = YES;
				CLANG_WARN_UNREACHABLE_CODE = YES;
				CLANG_WARN__DUPLICATE_METHOD_MATCH = YES;
				"CODE_SIGN_IDENTITY[sdk=iphoneos*]" = "iPhone Developer";
				COPY_PHASE_STRIP = NO;
				DEBUG_INFORMATION_FORMAT = dwarf;
				ENABLE_STRICT_OBJC_MSGSEND = YES;
				ENABLE_TESTABILITY = YES;
				GCC_C_LANGUAGE_STANDARD = gnu99;
				GCC_DYNAMIC_NO_PIC = NO;
				GCC_NO_COMMON_BLOCKS = YES;
				GCC_OPTIMIZATION_LEVEL = 0;
				GCC_PREPROCESSOR_DEFINITIONS = (
					"DEBUG=1",
					"$(inherited)",
				);
				GCC_WARN_64_TO_32_BIT_CONVERSION = YES;
				GCC_WARN_ABOUT_RETURN_TYPE = YES_ERROR;
				GCC_WARN_UNDECLARED_SELECTOR = YES;
				GCC_WARN_UNINITIALIZED_AUTOS = YES_AGGRESSIVE;
				GCC_WARN_UNUSED_FUNCTION = YES;
				GCC_WARN_UNUSED_VARIABLE = YES;
				IPHONEOS_DEPLOYMENT_TARGET = 10.3;
				MTL_ENABLE_DEBUG_INFO = YES;
				ONLY_ACTIVE_ARCH = YES;
				SDKROOT = iphoneos;
				TARGETED_DEVICE_FAMILY = "1,2";
			};
			name = Debug;
		};
		782215C31F2149EC007ECFE0 /* Release */ = {
			isa = XCBuildConfiguration;
			buildSettings = {
				ALWAYS_SEARCH_USER_PATHS = NO;
				CLANG_ANALYZER_NONNULL = YES;
				CLANG_ANALYZER_NUMBER_OBJECT_CONVERSION = YES_AGGRESSIVE;
				CLANG_CXX_LANGUAGE_STANDARD = "gnu++0x";
				CLANG_CXX_LIBRARY = "libc++";
				CLANG_ENABLE_MODULES = YES;
				CLANG_ENABLE_OBJC_ARC = YES;
				CLANG_WARN_BOOL_CONVERSION = YES;
				CLANG_WARN_CONSTANT_CONVERSION = YES;
				CLANG_WARN_DIRECT_OBJC_ISA_USAGE = YES_ERROR;
				CLANG_WARN_DOCUMENTATION_COMMENTS = YES;
				CLANG_WARN_EMPTY_BODY = YES;
				CLANG_WARN_ENUM_CONVERSION = YES;
				CLANG_WARN_INFINITE_RECURSION = YES;
				CLANG_WARN_INT_CONVERSION = YES;
				CLANG_WARN_OBJC_ROOT_CLASS = YES_ERROR;
				CLANG_WARN_SUSPICIOUS_MOVE = YES;
				CLANG_WARN_UNREACHABLE_CODE = YES;
				CLANG_WARN__DUPLICATE_METHOD_MATCH = YES;
				"CODE_SIGN_IDENTITY[sdk=iphoneos*]" = "iPhone Developer";
				COPY_PHASE_STRIP = NO;
				DEBUG_INFORMATION_FORMAT = "dwarf-with-dsym";
				ENABLE_NS_ASSERTIONS = NO;
				ENABLE_STRICT_OBJC_MSGSEND = YES;
				GCC_C_LANGUAGE_STANDARD = gnu99;
				GCC_NO_COMMON_BLOCKS = YES;
				GCC_WARN_64_TO_32_BIT_CONVERSION = YES;
				GCC_WARN_ABOUT_RETURN_TYPE = YES_ERROR;
				GCC_WARN_UNDECLARED_SELECTOR = YES;
				GCC_WARN_UNINITIALIZED_AUTOS = YES_AGGRESSIVE;
				GCC_WARN_UNUSED_FUNCTION = YES;
				GCC_WARN_UNUSED_VARIABLE = YES;
				IPHONEOS_DEPLOYMENT_TARGET = 10.3;
				MTL_ENABLE_DEBUG_INFO = NO;
				SDKROOT = iphoneos;
				TARGETED_DEVICE_FAMILY = "1,2";
				VALIDATE_PRODUCT = YES;
			};
			name = Release;
		};
		782215C51F2149EC007ECFE0 /* Debug */ = {
			isa = XCBuildConfiguration;
			buildSettings = {
				ASSETCATALOG_COMPILER_APPICON_NAME = AppIcon;
				DEVELOPMENT_TEAM = VB92A99X2X;
				INFOPLIST_FILE = SimpleRecorder/Info.plist;
				LD_RUNPATH_SEARCH_PATHS = "$(inherited) @executable_path/Frameworks";
				PRODUCT_BUNDLE_IDENTIFIER = com.yupeng.SimpleRecorder;
				PRODUCT_NAME = "$(TARGET_NAME)";
			};
			name = Debug;
		};
		782215C61F2149EC007ECFE0 /* Release */ = {
			isa = XCBuildConfiguration;
			buildSettings = {
				ASSETCATALOG_COMPILER_APPICON_NAME = AppIcon;
				DEVELOPMENT_TEAM = VB92A99X2X;
				INFOPLIST_FILE = SimpleRecorder/Info.plist;
				LD_RUNPATH_SEARCH_PATHS = "$(inherited) @executable_path/Frameworks";
				PRODUCT_BUNDLE_IDENTIFIER = com.yupeng.SimpleRecorder;
				PRODUCT_NAME = "$(TARGET_NAME)";
			};
			name = Release;
		};
		782215C81F2149EC007ECFE0 /* Debug */ = {
			isa = XCBuildConfiguration;
			buildSettings = {
				BUNDLE_LOADER = "$(TEST_HOST)";
				INFOPLIST_FILE = SimpleRecorderTests/Info.plist;
				LD_RUNPATH_SEARCH_PATHS = "$(inherited) @executable_path/Frameworks @loader_path/Frameworks";
				PRODUCT_BUNDLE_IDENTIFIER = com.yupeng.SimpleRecorderTests;
				PRODUCT_NAME = "$(TARGET_NAME)";
				TEST_HOST = "$(BUILT_PRODUCTS_DIR)/SimpleRecorder.app/SimpleRecorder";
			};
			name = Debug;
		};
		782215C91F2149EC007ECFE0 /* Release */ = {
			isa = XCBuildConfiguration;
			buildSettings = {
				BUNDLE_LOADER = "$(TEST_HOST)";
				INFOPLIST_FILE = SimpleRecorderTests/Info.plist;
				LD_RUNPATH_SEARCH_PATHS = "$(inherited) @executable_path/Frameworks @loader_path/Frameworks";
				PRODUCT_BUNDLE_IDENTIFIER = com.yupeng.SimpleRecorderTests;
				PRODUCT_NAME = "$(TARGET_NAME)";
				TEST_HOST = "$(BUILT_PRODUCTS_DIR)/SimpleRecorder.app/SimpleRecorder";
			};
			name = Release;
		};
		782215CB1F2149EC007ECFE0 /* Debug */ = {
			isa = XCBuildConfiguration;
			buildSettings = {
				INFOPLIST_FILE = SimpleRecorderUITests/Info.plist;
				LD_RUNPATH_SEARCH_PATHS = "$(inherited) @executable_path/Frameworks @loader_path/Frameworks";
				PRODUCT_BUNDLE_IDENTIFIER = com.yupeng.SimpleRecorderUITests;
				PRODUCT_NAME = "$(TARGET_NAME)";
				TEST_TARGET_NAME = SimpleRecorder;
			};
			name = Debug;
		};
		782215CC1F2149EC007ECFE0 /* Release */ = {
			isa = XCBuildConfiguration;
			buildSettings = {
				INFOPLIST_FILE = SimpleRecorderUITests/Info.plist;
				LD_RUNPATH_SEARCH_PATHS = "$(inherited) @executable_path/Frameworks @loader_path/Frameworks";
				PRODUCT_BUNDLE_IDENTIFIER = com.yupeng.SimpleRecorderUITests;
				PRODUCT_NAME = "$(TARGET_NAME)";
				TEST_TARGET_NAME = SimpleRecorder;
			};
			name = Release;
		};
/* End XCBuildConfiguration section */

/* Begin XCConfigurationList section */
		782215921F2149EB007ECFE0 /* Build configuration list for PBXProject "SimpleRecorder" */ = {
			isa = XCConfigurationList;
			buildConfigurations = (
				782215C21F2149EC007ECFE0 /* Debug */,
				782215C31F2149EC007ECFE0 /* Release */,
			);
			defaultConfigurationIsVisible = 0;
			defaultConfigurationName = Release;
		};
		782215C41F2149EC007ECFE0 /* Build configuration list for PBXNativeTarget "SimpleRecorder" */ = {
			isa = XCConfigurationList;
			buildConfigurations = (
				782215C51F2149EC007ECFE0 /* Debug */,
				782215C61F2149EC007ECFE0 /* Release */,
			);
			defaultConfigurationIsVisible = 0;
		};
		782215C71F2149EC007ECFE0 /* Build configuration list for PBXNativeTarget "SimpleRecorderTests" */ = {
			isa = XCConfigurationList;
			buildConfigurations = (
				782215C81F2149EC007ECFE0 /* Debug */,
				782215C91F2149EC007ECFE0 /* Release */,
			);
			defaultConfigurationIsVisible = 0;
		};
		782215CA1F2149EC007ECFE0 /* Build configuration list for PBXNativeTarget "SimpleRecorderUITests" */ = {
			isa = XCConfigurationList;
			buildConfigurations = (
				782215CB1F2149EC007ECFE0 /* Debug */,
				782215CC1F2149EC007ECFE0 /* Release */,
			);
			defaultConfigurationIsVisible = 0;
		};
/* End XCConfigurationList section */
	};
	rootObject = 7822158F1F2149EB007ECFE0 /* Project object */;
}
